github.com/rosbit/go-embedding-utils v0.4.1 h1:vwxlGJEO1+fvcm7wVWe1zO0TS1DLktTUmopPa2Kwd2Q=
github.com/rosbit/go-embedding-utils v0.4.1/go.mod h1:vN49YyUkB9OQI4t/6ofn0+kHYOrn/mAP1cqkzITBoEw=
github.com/rosbit/luago v0.5.2 h1:QXTaBWE49xOrHmAlHEGMEVykDjxR7nnq9hUJuWv7x7o=
github.com/rosbit/luago v0.5.2/go.mod h1:NNtrwIlmdzbvH5WJWaF6kKi2C5Lyq15KRyBzZYKu3FE=
